
Microsoft Visual Studio Solution File, Format Version 12.00
# Visual Studio Version 17
VisualStudioVersion = 17.0.31903.59
MinimumVisualStudioVersion = 10.0.40219.1
Project("{FAE04EC0-301F-11D3-BF4B-00C04F79EFBC}") = "WebstationBackup.Agent.Service", "src\Agent\WebstationBackup.Agent.Service\WebstationBackup.Agent.Service.csproj", "{F2A2F3F3-64B5-4B10-A8E3-03CF53A0A4B0}"
EndProject
Project("{9A19103F-16F7-4668-BE54-9A1E7A4F7556}") = "ControlPlane.Api", "src\ControlPlane\ControlPlane.Api\ControlPlane.Api.csproj", "{C1D54E5B-8B1E-4A78-99B1-8B5AB4D6AF74}"
EndProject
Global
	GlobalSection(SolutionConfigurationPlatforms) = preSolution
		Debug|Any CPU = Debug|Any CPU
		Release|Any CPU = Release|Any CPU
	EndGlobalSection
	GlobalSection(ProjectConfigurationPlatforms) = postSolution
		{F2A2F3F3-64B5-4B10-A8E3-03CF53A0A4B0}.Debug|Any CPU.ActiveCfg = Debug|Any CPU
		{F2A2F3F3-64B5-4B10-A8E3-03CF53A0A4B0}.Debug|Any CPU.Build.0 = Debug|Any CPU
		{F2A2F3F3-64B5-4B10-A8E3-03CF53A0A4B0}.Release|Any CPU.ActiveCfg = Release|Any CPU
		{F2A2F3F3-64B5-4B10-A8E3-03CF53A0A4B0}.Release|Any CPU.Build.0 = Release|Any CPU
		{C1D54E5B-8B1E-4A78-99B1-8B5AB4D6AF74}.Debug|Any CPU.ActiveCfg = Debug|Any CPU
		{C1D54E5B-8B1E-4A78-99B1-8B5AB4D6AF74}.Debug|Any CPU.Build.0 = Debug|Any CPU
		{C1D54E5B-8B1E-4A78-99B1-8B5AB4D6AF74}.Release|Any CPU.ActiveCfg = Release|Any CPU
		{C1D54E5B-8B1E-4A78-99B1-8B5AB4D6AF74}.Release|Any CPU.Build.0 = Release|Any CPU
	EndGlobalSection
	GlobalSection(SolutionProperties) = preSolution
		HideSolutionNode = FALSE
	EndGlobalSection
EndGlobal
